{
  "requires": true,
  "lockfileVersion": 1,
  "dependencies": {
    "jquery": {
      "version": "3.3.1",
      "resolved": "https://registry.npmjs.org/jquery/-/jquery-3.3.1.tgz"
      
    },
    "jquery-migrate": {
      "version": "3.0.1",
      "resolved": "https://registry.npmjs.org/jquery-migrate/-/jquery-migrate-3.0.1.tgz"
    }
  }
}
